{
    "hash": "6e60ef8ef7468eddc4a2c7091987700d",
    "packages": [
        {
            "package": "versionable/common",
            "version": "dev-master",
            "source-reference": "ad2bed802e27fa92f36d11d9755e3a46a59a05c3"
        },
        {
            "package": "versionable/common",
            "version": "dev-master",
            "alias-pretty-version": "1.0.x-dev",
            "alias-version": "1.0.9999999.9999999-dev"
        },
        {
            "package": "versionable/ferret",
            "version": "dev-master",
            "alias-pretty-version": "1.0.x-dev",
            "alias-version": "1.0.9999999.9999999-dev"
        },
        {
            "package": "versionable/ferret",
            "version": "dev-master",
            "source-reference": "b9491360cd7b4d4ca9fe514d44d005e88e433535"
        },
        {
            "package": "versionable/prospect",
            "version": "dev-master",
            "source-reference": "4e4db99ff12093aea3d43218c5ed36c96f7c5a22"
        },
        {
            "package": "versionable/prospect",
            "version": "dev-master",
            "alias-pretty-version": "1.0.x-dev",
            "alias-version": "1.0.9999999.9999999-dev"
        }
    ],
    "packages-dev": null,
    "aliases": [

    ],
    "minimum-stability": "dev",
    "stability-flags": [

    ]
}
